
Microsoft Visual Studio Solution File, Format Version 12.00
# Visual Studio Version 16
VisualStudioVersion = 16.0.31005.135
MinimumVisualStudioVersion = 10.0.40219.1
Project("{FAE04EC0-301F-11D3-BF4B-00C04F79EFBC}") = "P.146, Ejercicio 5", "P.146, Ejercicio 5\P.146, Ejercicio 5.csproj", "{D478C095-7B93-41F1-A890-0D5E27E5E931}"
EndProject
Global
	GlobalSection(SolutionConfigurationPlatforms) = preSolution
		Debug|Any CPU = Debug|Any CPU
		Release|Any CPU = Release|Any CPU
	EndGlobalSection
	GlobalSection(ProjectConfigurationPlatforms) = postSolution
		{D478C095-7B93-41F1-A890-0D5E27E5E931}.Debug|Any CPU.ActiveCfg = Debug|Any CPU
		{D478C095-7B93-41F1-A890-0D5E27E5E931}.Debug|Any CPU.Build.0 = Debug|Any CPU
		{D478C095-7B93-41F1-A890-0D5E27E5E931}.Release|Any CPU.ActiveCfg = Release|Any CPU
		{D478C095-7B93-41F1-A890-0D5E27E5E931}.Release|Any CPU.Build.0 = Release|Any CPU
	EndGlobalSection
	GlobalSection(SolutionProperties) = preSolution
		HideSolutionNode = FALSE
	EndGlobalSection
	GlobalSection(ExtensibilityGlobals) = postSolution
		SolutionGuid = {D0DCE447-F1CC-48BB-9EA9-459D6ADD4CF6}
	EndGlobalSection
EndGlobal
