
Microsoft Visual Studio Solution File, Format Version 12.00
# Visual Studio Version 16
VisualStudioVersion = 16.0.31005.135
MinimumVisualStudioVersion = 10.0.40219.1
Project("{FAE04EC0-301F-11D3-BF4B-00C04F79EFBC}") = "P.110, Ejercicio 1", "P.110, Ejercicio 1\P.110, Ejercicio 1.csproj", "{F8E0DB59-C0AD-4A1A-B340-A11B5EB877B0}"
EndProject
Global
	GlobalSection(SolutionConfigurationPlatforms) = preSolution
		Debug|Any CPU = Debug|Any CPU
		Release|Any CPU = Release|Any CPU
	EndGlobalSection
	GlobalSection(ProjectConfigurationPlatforms) = postSolution
		{F8E0DB59-C0AD-4A1A-B340-A11B5EB877B0}.Debug|Any CPU.ActiveCfg = Debug|Any CPU
		{F8E0DB59-C0AD-4A1A-B340-A11B5EB877B0}.Debug|Any CPU.Build.0 = Debug|Any CPU
		{F8E0DB59-C0AD-4A1A-B340-A11B5EB877B0}.Release|Any CPU.ActiveCfg = Release|Any CPU
		{F8E0DB59-C0AD-4A1A-B340-A11B5EB877B0}.Release|Any CPU.Build.0 = Release|Any CPU
	EndGlobalSection
	GlobalSection(SolutionProperties) = preSolution
		HideSolutionNode = FALSE
	EndGlobalSection
	GlobalSection(ExtensibilityGlobals) = postSolution
		SolutionGuid = {686D404E-297E-4601-8FFE-4969597B32B0}
	EndGlobalSection
EndGlobal
