
Microsoft Visual Studio Solution File, Format Version 12.00
# Visual Studio Version 16
VisualStudioVersion = 16.0.31005.135
MinimumVisualStudioVersion = 10.0.40219.1
Project("{FAE04EC0-301F-11D3-BF4B-00C04F79EFBC}") = "P.110, Ejercicio 3", "P.110, Ejercicio 3\P.110, Ejercicio 3.csproj", "{D24695C1-A460-4FB3-AF17-535BFDC7DEF0}"
EndProject
Global
	GlobalSection(SolutionConfigurationPlatforms) = preSolution
		Debug|Any CPU = Debug|Any CPU
		Release|Any CPU = Release|Any CPU
	EndGlobalSection
	GlobalSection(ProjectConfigurationPlatforms) = postSolution
		{D24695C1-A460-4FB3-AF17-535BFDC7DEF0}.Debug|Any CPU.ActiveCfg = Debug|Any CPU
		{D24695C1-A460-4FB3-AF17-535BFDC7DEF0}.Debug|Any CPU.Build.0 = Debug|Any CPU
		{D24695C1-A460-4FB3-AF17-535BFDC7DEF0}.Release|Any CPU.ActiveCfg = Release|Any CPU
		{D24695C1-A460-4FB3-AF17-535BFDC7DEF0}.Release|Any CPU.Build.0 = Release|Any CPU
	EndGlobalSection
	GlobalSection(SolutionProperties) = preSolution
		HideSolutionNode = FALSE
	EndGlobalSection
	GlobalSection(ExtensibilityGlobals) = postSolution
		SolutionGuid = {7AED76DE-BD63-4320-9863-13C73EDD1E11}
	EndGlobalSection
EndGlobal
