
Microsoft Visual Studio Solution File, Format Version 12.00
# Visual Studio Version 16
VisualStudioVersion = 16.0.31005.135
MinimumVisualStudioVersion = 10.0.40219.1
Project("{FAE04EC0-301F-11D3-BF4B-00C04F79EFBC}") = "P.110, Ejercicio 2", "P.110, Ejercicio 2\P.110, Ejercicio 2.csproj", "{1E7FA772-61A5-4979-8821-7C47E8A89647}"
EndProject
Global
	GlobalSection(SolutionConfigurationPlatforms) = preSolution
		Debug|Any CPU = Debug|Any CPU
		Release|Any CPU = Release|Any CPU
	EndGlobalSection
	GlobalSection(ProjectConfigurationPlatforms) = postSolution
		{1E7FA772-61A5-4979-8821-7C47E8A89647}.Debug|Any CPU.ActiveCfg = Debug|Any CPU
		{1E7FA772-61A5-4979-8821-7C47E8A89647}.Debug|Any CPU.Build.0 = Debug|Any CPU
		{1E7FA772-61A5-4979-8821-7C47E8A89647}.Release|Any CPU.ActiveCfg = Release|Any CPU
		{1E7FA772-61A5-4979-8821-7C47E8A89647}.Release|Any CPU.Build.0 = Release|Any CPU
	EndGlobalSection
	GlobalSection(SolutionProperties) = preSolution
		HideSolutionNode = FALSE
	EndGlobalSection
	GlobalSection(ExtensibilityGlobals) = postSolution
		SolutionGuid = {001E3175-9078-4D44-81DE-EAB8C5F50436}
	EndGlobalSection
EndGlobal
